
Microsoft Visual Studio Solution File, Format Version 12.00
# Visual Studio Version 17
VisualStudioVersion = 17.5.33424.131
MinimumVisualStudioVersion = 10.0.40219.1
Project("{FAE04EC0-301F-11D3-BF4B-00C04F79EFBC}") = "SecondHomeWork", "SecondHomeWork\SecondHomeWork.csproj", "{58E011A1-7CEC-40E3-86FD-021D4E297AA6}"
EndProject
Global
	GlobalSection(SolutionConfigurationPlatforms) = preSolution
		Debug|Any CPU = Debug|Any CPU
		Release|Any CPU = Release|Any CPU
	EndGlobalSection
	GlobalSection(ProjectConfigurationPlatforms) = postSolution
		{58E011A1-7CEC-40E3-86FD-021D4E297AA6}.Debug|Any CPU.ActiveCfg = Debug|Any CPU
		{58E011A1-7CEC-40E3-86FD-021D4E297AA6}.Debug|Any CPU.Build.0 = Debug|Any CPU
		{58E011A1-7CEC-40E3-86FD-021D4E297AA6}.Release|Any CPU.ActiveCfg = Release|Any CPU
		{58E011A1-7CEC-40E3-86FD-021D4E297AA6}.Release|Any CPU.Build.0 = Release|Any CPU
	EndGlobalSection
	GlobalSection(SolutionProperties) = preSolution
		HideSolutionNode = FALSE
	EndGlobalSection
	GlobalSection(ExtensibilityGlobals) = postSolution
		SolutionGuid = {3A79F802-5742-4852-876B-5EB9BDB5D44F}
	EndGlobalSection
EndGlobal
