
Microsoft Visual Studio Solution File, Format Version 12.00
# Visual Studio Version 17
VisualStudioVersion = 17.5.33424.131
MinimumVisualStudioVersion = 10.0.40219.1
Project("{FAE04EC0-301F-11D3-BF4B-00C04F79EFBC}") = "Class5HomeWork", "Class5HomeWork\Class5HomeWork.csproj", "{E404A809-E9AF-4062-A121-8CD62D0C27BC}"
EndProject
Global
	GlobalSection(SolutionConfigurationPlatforms) = preSolution
		Debug|Any CPU = Debug|Any CPU
		Release|Any CPU = Release|Any CPU
	EndGlobalSection
	GlobalSection(ProjectConfigurationPlatforms) = postSolution
		{E404A809-E9AF-4062-A121-8CD62D0C27BC}.Debug|Any CPU.ActiveCfg = Debug|Any CPU
		{E404A809-E9AF-4062-A121-8CD62D0C27BC}.Debug|Any CPU.Build.0 = Debug|Any CPU
		{E404A809-E9AF-4062-A121-8CD62D0C27BC}.Release|Any CPU.ActiveCfg = Release|Any CPU
		{E404A809-E9AF-4062-A121-8CD62D0C27BC}.Release|Any CPU.Build.0 = Release|Any CPU
	EndGlobalSection
	GlobalSection(SolutionProperties) = preSolution
		HideSolutionNode = FALSE
	EndGlobalSection
	GlobalSection(ExtensibilityGlobals) = postSolution
		SolutionGuid = {5A5F9860-32B6-47A3-98B2-45D967755A7A}
	EndGlobalSection
EndGlobal
